
Microsoft Visual Studio Solution File, Format Version 12.00
# Visual Studio Version 17
VisualStudioVersion = 17.1.32228.430
MinimumVisualStudioVersion = 10.0.40219.1
Project("{2150E333-8FDC-42A3-9474-1A3956D46DE8}") = "SOLID", "SOLID", "{15CCCA6D-745C-4C56-848A-7E1D87E0A2C6}"
EndProject
Project("{2150E333-8FDC-42A3-9474-1A3956D46DE8}") = "SingleResponsibilityPrincible", "SingleResponsibilityPrincible", "{87C8554F-E118-4123-83AF-42B846601D3C}"
EndProject
Project("{FAE04EC0-301F-11D3-BF4B-00C04F79EFBC}") = "SOLID_SRP", "SRP\SOLID_SRP.csproj", "{FF95F4A5-83E6-4C63-BD8E-01A5D6529C7B}"
EndProject
Project("{2150E333-8FDC-42A3-9474-1A3956D46DE8}") = "OpenClosedPrincible", "OpenClosedPrincible", "{11903D5D-E7AD-4C20-9EF4-437A701159BD}"
EndProject
Project("{FAE04EC0-301F-11D3-BF4B-00C04F79EFBC}") = "SOLID_OCP", "OCP\SOLID_OCP.csproj", "{7DD433CF-FAFA-42FA-AB59-445BDE0D6521}"
EndProject
Project("{2150E333-8FDC-42A3-9474-1A3956D46DE8}") = "LıskovSubstitutıonPrincible", "LıskovSubstitutıonPrincible", "{4F6ECBC1-6E23-4724-A128-78ED73D0B7A5}"
EndProject
Project("{FAE04EC0-301F-11D3-BF4B-00C04F79EFBC}") = "SOLID_LSP", "LSP\SOLID_LSP.csproj", "{7FF3C506-0ABE-4588-B03A-FFD13026AF45}"
EndProject
Project("{2150E333-8FDC-42A3-9474-1A3956D46DE8}") = "InterfaceSegregationPrincible", "InterfaceSegregationPrincible", "{3E541477-D5DA-4551-9FCA-57D20FC9AAD9}"
EndProject
Project("{FAE04EC0-301F-11D3-BF4B-00C04F79EFBC}") = "SOLID_ISP", "ISP\SOLID_ISP.csproj", "{351AEC91-B1D2-44EC-BFF1-91D1022E0B56}"
EndProject
Project("{2150E333-8FDC-42A3-9474-1A3956D46DE8}") = "DependencyInversionPrincible", "DependencyInversionPrincible", "{21543BAB-F8C6-45E8-99D5-FC35CA652133}"
EndProject
Project("{FAE04EC0-301F-11D3-BF4B-00C04F79EFBC}") = "SOLID_DIP", "DIP\SOLID_DIP.csproj", "{A777939A-2D3C-4FE2-8BC4-C4E046CEE23F}"
EndProject
Project("{2150E333-8FDC-42A3-9474-1A3956D46DE8}") = "BridgeDesignPattern", "BridgeDesignPattern", "{9FCA2451-B63A-43FB-B129-7987ECA3E55E}"
EndProject
Project("{FAE04EC0-301F-11D3-BF4B-00C04F79EFBC}") = "BridgeDesignPattern", "BridgeDesignPattern\BridgeDesignPattern.csproj", "{57AF2270-9423-477E-8881-B7E067EC45DE}"
EndProject
Project("{2150E333-8FDC-42A3-9474-1A3956D46DE8}") = "FacadeDesignPattern", "FacadeDesignPattern", "{B39637F9-F3C6-452F-9305-1ED833151A40}"
EndProject
Project("{FAE04EC0-301F-11D3-BF4B-00C04F79EFBC}") = "FacadeDesignPattern", "FacadeDesignPattern\FacadeDesignPattern.csproj", "{D9CDBB0C-D2A0-4052-8ACC-BC9CA1E7AD2D}"
EndProject
Global
	GlobalSection(SolutionConfigurationPlatforms) = preSolution
		Debug|Any CPU = Debug|Any CPU
		Release|Any CPU = Release|Any CPU
	EndGlobalSection
	GlobalSection(ProjectConfigurationPlatforms) = postSolution
		{FF95F4A5-83E6-4C63-BD8E-01A5D6529C7B}.Debug|Any CPU.ActiveCfg = Debug|Any CPU
		{FF95F4A5-83E6-4C63-BD8E-01A5D6529C7B}.Debug|Any CPU.Build.0 = Debug|Any CPU
		{FF95F4A5-83E6-4C63-BD8E-01A5D6529C7B}.Release|Any CPU.ActiveCfg = Release|Any CPU
		{FF95F4A5-83E6-4C63-BD8E-01A5D6529C7B}.Release|Any CPU.Build.0 = Release|Any CPU
		{7DD433CF-FAFA-42FA-AB59-445BDE0D6521}.Debug|Any CPU.ActiveCfg = Debug|Any CPU
		{7DD433CF-FAFA-42FA-AB59-445BDE0D6521}.Debug|Any CPU.Build.0 = Debug|Any CPU
		{7DD433CF-FAFA-42FA-AB59-445BDE0D6521}.Release|Any CPU.ActiveCfg = Release|Any CPU
		{7DD433CF-FAFA-42FA-AB59-445BDE0D6521}.Release|Any CPU.Build.0 = Release|Any CPU
		{7FF3C506-0ABE-4588-B03A-FFD13026AF45}.Debug|Any CPU.ActiveCfg = Debug|Any CPU
		{7FF3C506-0ABE-4588-B03A-FFD13026AF45}.Debug|Any CPU.Build.0 = Debug|Any CPU
		{7FF3C506-0ABE-4588-B03A-FFD13026AF45}.Release|Any CPU.ActiveCfg = Release|Any CPU
		{7FF3C506-0ABE-4588-B03A-FFD13026AF45}.Release|Any CPU.Build.0 = Release|Any CPU
		{351AEC91-B1D2-44EC-BFF1-91D1022E0B56}.Debug|Any CPU.ActiveCfg = Debug|Any CPU
		{351AEC91-B1D2-44EC-BFF1-91D1022E0B56}.Debug|Any CPU.Build.0 = Debug|Any CPU
		{351AEC91-B1D2-44EC-BFF1-91D1022E0B56}.Release|Any CPU.ActiveCfg = Release|Any CPU
		{351AEC91-B1D2-44EC-BFF1-91D1022E0B56}.Release|Any CPU.Build.0 = Release|Any CPU
		{A777939A-2D3C-4FE2-8BC4-C4E046CEE23F}.Debug|Any CPU.ActiveCfg = Debug|Any CPU
		{A777939A-2D3C-4FE2-8BC4-C4E046CEE23F}.Debug|Any CPU.Build.0 = Debug|Any CPU
		{A777939A-2D3C-4FE2-8BC4-C4E046CEE23F}.Release|Any CPU.ActiveCfg = Release|Any CPU
		{A777939A-2D3C-4FE2-8BC4-C4E046CEE23F}.Release|Any CPU.Build.0 = Release|Any CPU
		{57AF2270-9423-477E-8881-B7E067EC45DE}.Debug|Any CPU.ActiveCfg = Debug|Any CPU
		{57AF2270-9423-477E-8881-B7E067EC45DE}.Debug|Any CPU.Build.0 = Debug|Any CPU
		{57AF2270-9423-477E-8881-B7E067EC45DE}.Release|Any CPU.ActiveCfg = Release|Any CPU
		{57AF2270-9423-477E-8881-B7E067EC45DE}.Release|Any CPU.Build.0 = Release|Any CPU
		{D9CDBB0C-D2A0-4052-8ACC-BC9CA1E7AD2D}.Debug|Any CPU.ActiveCfg = Debug|Any CPU
		{D9CDBB0C-D2A0-4052-8ACC-BC9CA1E7AD2D}.Debug|Any CPU.Build.0 = Debug|Any CPU
		{D9CDBB0C-D2A0-4052-8ACC-BC9CA1E7AD2D}.Release|Any CPU.ActiveCfg = Release|Any CPU
		{D9CDBB0C-D2A0-4052-8ACC-BC9CA1E7AD2D}.Release|Any CPU.Build.0 = Release|Any CPU
	EndGlobalSection
	GlobalSection(SolutionProperties) = preSolution
		HideSolutionNode = FALSE
	EndGlobalSection
	GlobalSection(NestedProjects) = preSolution
		{87C8554F-E118-4123-83AF-42B846601D3C} = {15CCCA6D-745C-4C56-848A-7E1D87E0A2C6}
		{FF95F4A5-83E6-4C63-BD8E-01A5D6529C7B} = {87C8554F-E118-4123-83AF-42B846601D3C}
		{11903D5D-E7AD-4C20-9EF4-437A701159BD} = {15CCCA6D-745C-4C56-848A-7E1D87E0A2C6}
		{7DD433CF-FAFA-42FA-AB59-445BDE0D6521} = {11903D5D-E7AD-4C20-9EF4-437A701159BD}
		{4F6ECBC1-6E23-4724-A128-78ED73D0B7A5} = {15CCCA6D-745C-4C56-848A-7E1D87E0A2C6}
		{7FF3C506-0ABE-4588-B03A-FFD13026AF45} = {4F6ECBC1-6E23-4724-A128-78ED73D0B7A5}
		{3E541477-D5DA-4551-9FCA-57D20FC9AAD9} = {15CCCA6D-745C-4C56-848A-7E1D87E0A2C6}
		{351AEC91-B1D2-44EC-BFF1-91D1022E0B56} = {3E541477-D5DA-4551-9FCA-57D20FC9AAD9}
		{21543BAB-F8C6-45E8-99D5-FC35CA652133} = {15CCCA6D-745C-4C56-848A-7E1D87E0A2C6}
		{A777939A-2D3C-4FE2-8BC4-C4E046CEE23F} = {21543BAB-F8C6-45E8-99D5-FC35CA652133}
		{57AF2270-9423-477E-8881-B7E067EC45DE} = {9FCA2451-B63A-43FB-B129-7987ECA3E55E}
		{D9CDBB0C-D2A0-4052-8ACC-BC9CA1E7AD2D} = {B39637F9-F3C6-452F-9305-1ED833151A40}
	EndGlobalSection
	GlobalSection(ExtensibilityGlobals) = postSolution
		SolutionGuid = {A1E53381-2EF0-4B03-B2E0-207827426372}
	EndGlobalSection
EndGlobal
